[[package]]
name = "beautifulsoup4"
version = "4.8.0"
description = "Screen-scraping library"
category = "main"
optional = false
python-versions = "*"

[package.dependencies]
soupsieve = ">=1.2"

[package.extras]
html5lib = ["html5lib"]
lxml = ["lxml"]

[[package]]
name = "certifi"
version = "2019.6.16"
description = "Python package for providing Mozilla's CA Bundle."
category = "main"
optional = false
python-versions = "*"

[[package]]
name = "chardet"
version = "3.0.4"
description = "Universal encoding detector for Python 2 and 3"
category = "main"
optional = false
python-versions = "*"

[[package]]
name = "django"
version = "2.2.28"
description = "A high-level Python Web framework that encourages rapid development and clean, pragmatic design."
category = "main"
optional = false
python-versions = ">=3.5"

[package.dependencies]
pytz = "*"
sqlparse = ">=0.2.2"

[package.extras]
argon2 = ["argon2-cffi (>=16.1.0)"]
bcrypt = ["bcrypt"]

[[package]]
name = "django-extensions"
version = "2.2.1"
description = "Extensions for Django"
category = "main"
optional = false
python-versions = "*"

[package.dependencies]
six = ">=1.2"

[[package]]
name = "idna"
version = "2.8"
description = "Internationalized Domain Names in Applications (IDNA)"
category = "main"
optional = false
python-versions = ">=2.7, !=3.0.*, !=3.1.*, !=3.2.*, !=3.3.*"

[[package]]
name = "lxml"
version = "4.4.1"
description = "Powerful and Pythonic XML processing library combining libxml2/libxslt with the ElementTree API."
category = "main"
optional = false
python-versions = ">=2.7, !=3.0.*, !=3.1.*, !=3.2.*, !=3.3.*, != 3.4.*"

[package.extras]
cssselect = ["cssselect (>=0.7)"]
html5 = ["html5lib"]
htmlsoup = ["beautifulsoup4"]
source = ["Cython (>=0.29.7)"]

[[package]]
name = "pytz"
version = "2019.2"
description = "World timezone definitions, modern and historical"
category = "main"
optional = false
python-versions = "*"

[[package]]
name = "requests"
version = "2.22.0"
description = "Python HTTP for Humans."
category = "main"
optional = false
python-versions = ">=2.7, !=3.0.*, !=3.1.*, !=3.2.*, !=3.3.*, !=3.4.*"

[package.dependencies]
certifi = ">=2017.4.17"
chardet = ">=3.0.2,<3.1.0"
idna = ">=2.5,<2.9"
urllib3 = ">=1.21.1,<1.25.0 || >1.25.0,<1.25.1 || >1.25.1,<1.26"

[package.extras]
security = ["pyOpenSSL (>=0.14)", "cryptography (>=1.3.4)", "idna (>=2.0.0)"]
socks = ["PySocks (>=1.5.6,!=1.5.7)", "win-inet-pton"]

[[package]]
name = "six"
version = "1.12.0"
description = "Python 2 and 3 compatibility utilities"
category = "main"
optional = false
python-versions = ">=2.6, !=3.0.*, !=3.1.*"

[[package]]
name = "soupsieve"
version = "1.9.3"
description = "A modern CSS selector implementation for Beautiful Soup."
category = "main"
optional = false
python-versions = "*"

[[package]]
name = "sqlparse"
version = "0.3.0"
description = "Non-validating SQL parser"
category = "main"
optional = false
python-versions = ">=2.7, !=3.0.*, !=3.1.*, !=3.2.*, !=3.3.*"

[[package]]
name = "urllib3"
version = "1.25.3"
description = "HTTP library with thread-safe connection pooling, file post, and more."
category = "main"
optional = false
python-versions = ">=2.7, !=3.0.*, !=3.1.*, !=3.2.*, !=3.3.*, <4"

[package.extras]
brotli = ["brotlipy (>=0.6.0)"]
secure = ["pyOpenSSL (>=0.14)", "cryptography (>=1.3.4)", "idna (>=2.0.0)", "certifi", "ipaddress"]
socks = ["PySocks (>=1.5.6,!=1.5.7,<2.0)"]

[metadata]
lock-version = "1.1"
python-versions = "^3.6"
content-hash = "cbaaa071831632cf6080b6f5b5457de80850d70170dbe883a627db7873f6b30d"

[metadata.files]
beautifulsoup4 = [
    {file = "beautifulsoup4-4.8.0-py2-none-any.whl", hash = "sha256:05668158c7b85b791c5abde53e50265e16f98ad601c402ba44d70f96c4159612"},
    {file = "beautifulsoup4-4.8.0-py3-none-any.whl", hash = "sha256:f040590be10520f2ea4c2ae8c3dae441c7cfff5308ec9d58a0ec0c1b8f81d469"},
    {file = "beautifulsoup4-4.8.0.tar.gz", hash = "sha256:25288c9e176f354bf277c0a10aa96c782a6a18a17122dba2e8cec4a97e03343b"},
]
certifi = [
    {file = "certifi-2019.6.16-py2.py3-none-any.whl", hash = "sha256:046832c04d4e752f37383b628bc601a7ea7211496b4638f6514d0e5b9acc4939"},
    {file = "certifi-2019.6.16.tar.gz", hash = "sha256:945e3ba63a0b9f577b1395204e13c3a231f9bc0223888be653286534e5873695"},
]
chardet = [
    {file = "chardet-3.0.4-py2.py3-none-any.whl", hash = "sha256:fc323ffcaeaed0e0a02bf4d117757b98aed530d9ed4531e3e15460124c106691"},
    {file = "chardet-3.0.4.tar.gz", hash = "sha256:84ab92ed1c4d4f16916e05906b6b75a6c0fb5db821cc65e70cbd64a3e2a5eaae"},
]
django = [
    {file = "Django-2.2.28-py3-none-any.whl", hash = "sha256:365429d07c1336eb42ba15aa79f45e1c13a0b04d5c21569e7d596696418a6a45"},
    {file = "Django-2.2.28.tar.gz", hash = "sha256:0200b657afbf1bc08003845ddda053c7641b9b24951e52acd51f6abda33a7413"},
]
django-extensions = [
    {file = "django-extensions-2.2.1.tar.gz", hash = "sha256:4aafdb865104eaa5d681b9976b36c52c9d441be89b7d782e40808f1c5c0c8f93"},
    {file = "django_extensions-2.2.1-py2.py3-none-any.whl", hash = "sha256:8a2552fdeb222b23895ef52cdc28fc56efba976f6da07ca92937f6f5e626e345"},
]
idna = [
    {file = "idna-2.8-py2.py3-none-any.whl", hash = "sha256:ea8b7f6188e6fa117537c3df7da9fc686d485087abf6ac197f9c46432f7e4a3c"},
    {file = "idna-2.8.tar.gz", hash = "sha256:c357b3f628cf53ae2c4c05627ecc484553142ca23264e593d327bcde5e9c3407"},
]
lxml = [
    {file = "lxml-4.4.1-cp27-cp27m-macosx_10_6_intel.macosx_10_9_intel.macosx_10_9_x86_64.macosx_10_10_intel.macosx_10_10_x86_64.whl", hash = "sha256:1f4f214337f6ee5825bf90a65d04d70aab05526c08191ab888cb5149501923c5"},
    {file = "lxml-4.4.1-cp27-cp27m-manylinux1_i686.whl", hash = "sha256:e9c028b5897901361d81a4718d1db217b716424a0283afe9d6735fe0caf70f79"},
    {file = "lxml-4.4.1-cp27-cp27m-manylinux1_x86_64.whl", hash = "sha256:02ca7bf899da57084041bb0f6095333e4d239948ad3169443f454add9f4e9cb4"},
    {file = "lxml-4.4.1-cp27-cp27m-win32.whl", hash = "sha256:4dffd405390a45ecb95ab5ab1c1b847553c18b0ef8ed01e10c1c8b1a76452916"},
    {file = "lxml-4.4.1-cp27-cp27m-win_amd64.whl", hash = "sha256:c27eaed872185f047bb7f7da2d21a7d8913457678c9a100a50db6da890bc28b9"},
    {file = "lxml-4.4.1-cp27-cp27mu-manylinux1_i686.whl", hash = "sha256:a63b4fd3e2cabdcc9d918ed280bdde3e8e9641e04f3c59a2a3109644a07b9832"},
    {file = "lxml-4.4.1-cp27-cp27mu-manylinux1_x86_64.whl", hash = "sha256:fe489d486cd00b739be826e8c1be188ddb74c7a1ca784d93d06fda882a6a1681"},
    {file = "lxml-4.4.1-cp35-cp35m-manylinux1_i686.whl", hash = "sha256:726c17f3e0d7a7200718c9a890ccfeab391c9133e363a577a44717c85c71db27"},
    {file = "lxml-4.4.1-cp35-cp35m-manylinux1_x86_64.whl", hash = "sha256:17e3950add54c882e032527795c625929613adbd2ce5162b94667334458b5a36"},
    {file = "lxml-4.4.1-cp35-cp35m-win32.whl", hash = "sha256:d11874b3c33ee441059464711cd365b89fa1a9cf19ae75b0c189b01fbf735b84"},
    {file = "lxml-4.4.1-cp35-cp35m-win_amd64.whl", hash = "sha256:be78485e5d5f3684e875dab60f40cddace2f5b2a8f7fede412358ab3214c3a6f"},
    {file = "lxml-4.4.1-cp36-cp36m-macosx_10_6_intel.macosx_10_9_intel.macosx_10_9_x86_64.macosx_10_10_intel.macosx_10_10_x86_64.whl", hash = "sha256:891fe897b49abb7db470c55664b198b1095e4943b9f82b7dcab317a19116cd38"},
    {file = "lxml-4.4.1-cp36-cp36m-manylinux1_i686.whl", hash = "sha256:17cae1730a782858a6e2758fd20dd0ef7567916c47757b694a06ffafdec20046"},
    {file = "lxml-4.4.1-cp36-cp36m-manylinux1_x86_64.whl", hash = "sha256:b0b84408d4eabc6de9dd1e1e0bc63e7731e890c0b378a62443e5741cfd0ae90a"},
    {file = "lxml-4.4.1-cp36-cp36m-win32.whl", hash = "sha256:796685d3969815a633827c818863ee199440696b0961e200b011d79b9394bbe7"},
    {file = "lxml-4.4.1-cp36-cp36m-win_amd64.whl", hash = "sha256:a471628e20f03dcdfde00770eeaf9c77811f0c331c8805219ca7b87ac17576c5"},
    {file = "lxml-4.4.1-cp37-cp37m-macosx_10_6_intel.macosx_10_9_intel.macosx_10_9_x86_64.macosx_10_10_intel.macosx_10_10_x86_64.whl", hash = "sha256:760c12276fee05c36f95f8040180abc7fbebb9e5011447a97cdc289b5d6ab6fc"},
    {file = "lxml-4.4.1-cp37-cp37m-manylinux1_i686.whl", hash = "sha256:0a920ff98cf1aac310470c644bc23b326402d3ef667ddafecb024e1713d485f1"},
    {file = "lxml-4.4.1-cp37-cp37m-manylinux1_x86_64.whl", hash = "sha256:6b899931a5648862c7b88c795eddff7588fb585e81cecce20f8d9da16eff96e0"},
    {file = "lxml-4.4.1-cp37-cp37m-win32.whl", hash = "sha256:096b82c5e0ea27ce9138bcbb205313343ee66a6e132f25c5ed67e2c8d960a1bc"},
    {file = "lxml-4.4.1-cp37-cp37m-win_amd64.whl", hash = "sha256:2e8f77db25b0a96af679e64ff9bf9dddb27d379c9900c3272f3041c4d1327c9d"},
    {file = "lxml-4.4.1-cp38-cp38-manylinux1_i686.whl", hash = "sha256:ae88588d687bd476be588010cbbe551e9c2872b816f2da8f01f6f1fda74e1ef0"},
    {file = "lxml-4.4.1-cp38-cp38-manylinux1_x86_64.whl", hash = "sha256:1409b14bf83a7d729f92e2a7fbfe7ec929d4883ca071b06e95c539ceedb6497c"},
    {file = "lxml-4.4.1-cp38-cp38-win32.whl", hash = "sha256:c7fccd08b14aa437fe096c71c645c0f9be0655a9b1a4b7cffc77bcb23b3d61d2"},
    {file = "lxml-4.4.1-cp38-cp38-win_amd64.whl", hash = "sha256:9277562f175d2334744ad297568677056861070399cec56ff06abbe2564d1232"},
    {file = "lxml-4.4.1.tar.gz", hash = "sha256:c81cb40bff373ab7a7446d6bbca0190bccc5be3448b47b51d729e37799bb5692"},
]
pytz = [
    {file = "pytz-2019.2-py2.py3-none-any.whl", hash = "sha256:c894d57500a4cd2d5c71114aaab77dbab5eabd9022308ce5ac9bb93a60a6f0c7"},
    {file = "pytz-2019.2.tar.gz", hash = "sha256:26c0b32e437e54a18161324a2fca3c4b9846b74a8dccddd843113109e1116b32"},
]
requests = [
    {file = "requests-2.22.0-py2.py3-none-any.whl", hash = "sha256:9cf5292fcd0f598c671cfc1e0d7d1a7f13bb8085e9a590f48c010551dc6c4b31"},
    {file = "requests-2.22.0.tar.gz", hash = "sha256:11e007a8a2aa0323f5a921e9e6a2d7e4e67d9877e85773fba9ba6419025cbeb4"},
]
six = [
    {file = "six-1.12.0-py2.py3-none-any.whl", hash = "sha256:3350809f0555b11f552448330d0b52d5f24c91a322ea4a15ef22629740f3761c"},
    {file = "six-1.12.0.tar.gz", hash = "sha256:d16a0141ec1a18405cd4ce8b4613101da75da0e9a7aec5bdd4fa804d0e0eba73"},
]
soupsieve = [
    {file = "soupsieve-1.9.3-py2.py3-none-any.whl", hash = "sha256:a5a6166b4767725fd52ae55fee8c8b6137d9a51e9f1edea461a062a759160118"},
    {file = "soupsieve-1.9.3.tar.gz", hash = "sha256:8662843366b8d8779dec4e2f921bebec9afd856a5ff2e82cd419acc5054a1a92"},
]
sqlparse = [
    {file = "sqlparse-0.3.0-py2.py3-none-any.whl", hash = "sha256:40afe6b8d4b1117e7dff5504d7a8ce07d9a1b15aeeade8a2d10f130a834f8177"},
    {file = "sqlparse-0.3.0.tar.gz", hash = "sha256:7c3dca29c022744e95b547e867cee89f4fce4373f3549ccd8797d8eb52cdb873"},
]
urllib3 = [
    {file = "urllib3-1.25.3-py2.py3-none-any.whl", hash = "sha256:b246607a25ac80bedac05c6f282e3cdaf3afb65420fd024ac94435cabe6e18d1"},
    {file = "urllib3-1.25.3.tar.gz", hash = "sha256:dbe59173209418ae49d485b87d1681aefa36252ee85884c31346debd19463232"},
]
